{
  "lockfile_version": "1",
  "packages": {
    "brotli@latest": {
      "last_modified": "2024-07-28T04:39:20Z",
      "resolved": "github:NixOS/nixpkgs/038fb464fcfa79b4f08131b07f2d8c9a6bcc4160#brotli",
      "source": "devbox-search",
      "version": "1.1.0",
      "systems": {
        "aarch64-darwin": {
          "store_path": "/nix/store/glcp557knja9jmrdr1idyjrdfvrj96ps-brotli-1.1.0"
        },
        "aarch64-linux": {
          "store_path": "/nix/store/dab344a6cv39n0wcklk9sdmpsvy8shlc-brotli-1.1.0"
        },
        "x86_64-darwin": {
          "store_path": "/nix/store/3d20qllbajl9yfv8i06bvf1lwj6hmqqd-brotli-1.1.0"
        },
        "x86_64-linux": {
          "store_path": "/nix/store/w3p2vhjryqblz16h125g6sckjglc43ny-brotli-1.1.0"
        }
      }
    },
    "caddy@latest": {
      "last_modified": "2024-07-20T09:11:00Z",
      "resolved": "github:NixOS/nixpkgs/6e14bbce7bea6c4efd7adfa88a40dac750d80100#caddy",
      "source": "devbox-search",
      "version": "2.8.4",
      "systems": {
        "aarch64-darwin": {
          "store_path": "/nix/store/jbdqn5mzwzlk9vacsfgnf0ak2z5myahd-caddy-2.8.4"
        },
        "aarch64-linux": {
          "store_path": "/nix/store/9z87hx96ff4h5ifk7nr8swbm1sr4nwra-caddy-2.8.4"
        },
        "x86_64-darwin": {
          "store_path": "/nix/store/s3c7505msri2001ppjpd0y7xh5g8vjxk-caddy-2.8.4"
        },
        "x86_64-linux": {
          "store_path": "/nix/store/drmd4jdjrbq0bwd06nirw0g22sd06b79-caddy-2.8.4"
        }
      }
    },
    "dart-sass@latest": {
      "last_modified": "2024-07-07T07:43:47Z",
      "resolved": "github:NixOS/nixpkgs/b60793b86201040d9dee019a05089a9150d08b5b#dart-sass",
      "source": "devbox-search",
      "version": "1.77.6",
      "systems": {
        "aarch64-darwin": {
          "store_path": "/nix/store/m7cwavg9p07a2nfg1zqfnvb4bc2jlxy5-dart-sass-1.77.6"
        },
        "aarch64-linux": {
          "store_path": "/nix/store/wmkqazmxfiywga58z7mk7s0icl38pmxk-dart-sass-1.77.6"
        },
        "x86_64-darwin": {
          "store_path": "/nix/store/4kzb5vg2hw7ywcl01pxnqlsck1677jzi-dart-sass-1.77.6"
        },
        "x86_64-linux": {
          "store_path": "/nix/store/jrsdqbk48q0cvmr0sg4qvc4qjybv1r30-dart-sass-1.77.6"
        }
      }
    },
    "elmPackages.elm-format@latest": {
      "last_modified": "2024-07-15T04:07:31Z",
      "resolved": "github:NixOS/nixpkgs/a14c5d651cee9ed70f9cd9e83f323f1e531002db#elmPackages.elm-format",
      "source": "devbox-search",
      "version": "0.8.7",
      "systems": {
        "aarch64-darwin": {
          "store_path": "/nix/store/xl8vqhid7hw8gi5mqnj9jis10h96hxgx-elm-format-0.8.7"
        },
        "aarch64-linux": {
          "store_path": "/nix/store/30jag2jswv0f488gr7hm4c754zl2bx1d-elm-format-0.8.7"
        },
        "x86_64-darwin": {
          "store_path": "/nix/store/rf2nq1k0dcx22bsi0szdgnwi5lfj3m0b-elm-format-0.8.7"
        },
        "x86_64-linux": {
          "store_path": "/nix/store/ly1s085y2jznjaw3xirh4iyi2k6fpvr7-elm-format-0.8.7"
        }
      }
    },
    "elmPackages.elm-json@latest": {
      "last_modified": "2024-07-07T07:43:47Z",
      "resolved": "github:NixOS/nixpkgs/b60793b86201040d9dee019a05089a9150d08b5b#elmPackages.elm-json",
      "source": "devbox-search",
      "version": "0.2.12",
      "systems": {
        "aarch64-darwin": {
          "store_path": "/nix/store/vb57qqpfy1zvl2x8640f5f4485kb7km3-elm-json-0.2.12"
        },
        "aarch64-linux": {
          "store_path": "/nix/store/mqn75drsxh1rjq606nczynbcsiprnrzc-elm-json-0.2.12"
        },
        "x86_64-darwin": {
          "store_path": "/nix/store/r7w59jv7pk4zy29851fvmdzfzns2js2c-elm-json-0.2.12"
        },
        "x86_64-linux": {
          "store_path": "/nix/store/jy8s4fkxygzk8n2paq7r7h408frsdj43-elm-json-0.2.12"
        }
      }
    },
    "elmPackages.elm-optimize-level-2@latest": {
      "last_modified": "2024-07-07T07:43:47Z",
      "resolved": "github:NixOS/nixpkgs/b60793b86201040d9dee019a05089a9150d08b5b#elmPackages.elm-optimize-level-2",
      "source": "devbox-search",
      "version": "2-0.3.5",
      "systems": {
        "aarch64-darwin": {
          "store_path": "/nix/store/7xdmwixw7sw955zpkgnq39165nvjsnx8-elm-optimize-level-2-0.3.5"
        },
        "aarch64-linux": {
          "store_path": "/nix/store/dfyng1s1agpv9ndiaydn158ia2641b4l-elm-optimize-level-2-0.3.5"
        },
        "x86_64-darwin": {
          "store_path": "/nix/store/v786zjjjhr4vqbfqc0l32dxx595c0vx0-elm-optimize-level-2-0.3.5"
        },
        "x86_64-linux": {
          "store_path": "/nix/store/xpljnfmcgg10fzbghd29bkwrwwb9x1z2-elm-optimize-level-2-0.3.5"
        }
      }
    },
    "elmPackages.elm-review@latest": {
      "last_modified": "2024-07-07T07:43:47Z",
      "resolved": "github:NixOS/nixpkgs/b60793b86201040d9dee019a05089a9150d08b5b#elmPackages.elm-review",
      "source": "devbox-search",
      "version": "2.10.3",
      "systems": {
        "aarch64-darwin": {
          "store_path": "/nix/store/yzwb00dbgf60l9d0ahzx43yc5g72m46c-elm-review-2.10.3"
        },
        "aarch64-linux": {
          "store_path": "/nix/store/plw62rr2z7ap0rksxfzrv3gml8mi3j3j-elm-review-2.10.3"
        },
        "x86_64-darwin": {
          "store_path": "/nix/store/qd90y644ly2a8hls5zb4ijvvg16h2kwg-elm-review-2.10.3"
        },
        "x86_64-linux": {
          "store_path": "/nix/store/75m906xx54w5d12pxhrr4dgn96r69mqi-elm-review-2.10.3"
        }
      }
    },
    "elmPackages.elm@latest": {
      "last_modified": "2024-07-15T04:07:31Z",
      "resolved": "github:NixOS/nixpkgs/a14c5d651cee9ed70f9cd9e83f323f1e531002db#elmPackages.elm",
      "source": "devbox-search",
      "version": "0.19.1",
      "systems": {
        "aarch64-darwin": {
          "store_path": "/nix/store/lzgppspr54b3xgz7k4gybmx5a0kgifnk-elm-0.19.1"
        },
        "aarch64-linux": {
          "store_path": "/nix/store/9km5pk9bvs22mcpgrxgzd95wpbmxlmpr-elm-0.19.1"
        },
        "x86_64-darwin": {
          "store_path": "/nix/store/8380f7x998q0k8nws9iil1v2frv8lfra-elm-0.19.1"
        },
        "x86_64-linux": {
          "store_path": "/nix/store/jljkdx644w623jd0ka9icwxya8676dza-elm-0.19.1"
        }
      }
    },
    "html-minifier@latest": {
      "last_modified": "2024-07-07T07:43:47Z",
      "resolved": "github:NixOS/nixpkgs/b60793b86201040d9dee019a05089a9150d08b5b#html-minifier",
      "source": "devbox-search",
      "version": "4.0.0",
      "systems": {
        "aarch64-darwin": {
          "store_path": "/nix/store/l2r302q36s9pzrdnis4xy8m51fwqvm76-html-minifier-4.0.0"
        },
        "aarch64-linux": {
          "store_path": "/nix/store/vvrf93g8dx1kniwm9d13lsjxh2i30bag-html-minifier-4.0.0"
        },
        "x86_64-darwin": {
          "store_path": "/nix/store/2mzqcdcyprp743djag4ijpyjqfs0azyl-html-minifier-4.0.0"
        },
        "x86_64-linux": {
          "store_path": "/nix/store/gza0433pi5gsqy5kykdywwzmp0m92a2x-html-minifier-4.0.0"
        }
      }
    },
    "jpegoptim@latest": {
      "last_modified": "2024-07-07T07:43:47Z",
      "resolved": "github:NixOS/nixpkgs/b60793b86201040d9dee019a05089a9150d08b5b#jpegoptim",
      "source": "devbox-search",
      "version": "1.5.5",
      "systems": {
        "aarch64-darwin": {
          "store_path": "/nix/store/jn3zkh8az9iq852l42kacrd188vym8ic-jpegoptim-1.5.5"
        },
        "aarch64-linux": {
          "store_path": "/nix/store/qy136kdrfi81p0fb890vg82s88b8ngz2-jpegoptim-1.5.5"
        },
        "x86_64-darwin": {
          "store_path": "/nix/store/ca8kdzyszj46rf7z13sibwv7scffc2f7-jpegoptim-1.5.5"
        },
        "x86_64-linux": {
          "store_path": "/nix/store/5c005q3s7x2sz32wr724pfy9zpng7hlx-jpegoptim-1.5.5"
        }
      }
    },
    "optipng@latest": {
      "last_modified": "2024-07-07T07:43:47Z",
      "resolved": "github:NixOS/nixpkgs/b60793b86201040d9dee019a05089a9150d08b5b#optipng",
      "source": "devbox-search",
      "version": "0.7.8",
      "systems": {
        "aarch64-darwin": {
          "store_path": "/nix/store/gs5f3z2b7illkkcg3qwc0j7ljh79sbp9-optipng-0.7.8"
        },
        "aarch64-linux": {
          "store_path": "/nix/store/mvrc52nllals37lzb5nll4319d71v8sb-optipng-0.7.8"
        },
        "x86_64-darwin": {
          "store_path": "/nix/store/5qxf6ws61k3mblpm056dsi512cywik3n-optipng-0.7.8"
        },
        "x86_64-linux": {
          "store_path": "/nix/store/x6nvr86sn0rlqhysz49almb1z423afws-optipng-0.7.8"
        }
      }
    },
    "shellcheck@latest": {
      "last_modified": "2024-07-15T04:07:31Z",
      "resolved": "github:NixOS/nixpkgs/a14c5d651cee9ed70f9cd9e83f323f1e531002db#shellcheck",
      "source": "devbox-search",
      "version": "0.10.0",
      "systems": {
        "aarch64-darwin": {
          "store_path": "/nix/store/ys81knlfafcfw700zxgfnih2ad1p3m2d-shellcheck-0.10.0-bin"
        },
        "aarch64-linux": {
          "store_path": "/nix/store/rd27xfx25584mylayflsai44yiiw18zf-shellcheck-0.10.0-bin"
        },
        "x86_64-darwin": {
          "store_path": "/nix/store/jmk7mmp2726sqhhxvj2m3wnpy9mnk60v-shellcheck-0.10.0-bin"
        },
        "x86_64-linux": {
          "store_path": "/nix/store/qfyacqnkx0fpch42v67kyjjxxd1dr87l-shellcheck-0.10.0-bin"
        }
      }
    },
    "terser@latest": {
      "last_modified": "2024-07-31T08:48:38Z",
      "resolved": "github:NixOS/nixpkgs/c3392ad349a5227f4a3464dce87bcc5046692fce#terser",
      "source": "devbox-search",
      "version": "5.31.3",
      "systems": {
        "aarch64-darwin": {
          "store_path": "/nix/store/fccpccx6404x7pc5zkk7salc2qz45lqi-terser-5.31.3"
        },
        "aarch64-linux": {
          "store_path": "/nix/store/jrba46pmjpz57s8bkjmm3mgnqi9g3km3-terser-5.31.3"
        },
        "x86_64-darwin": {
          "store_path": "/nix/store/a5k9v2cwjh7vc042vkvb0q1liq1jpagx-terser-5.31.3"
        },
        "x86_64-linux": {
          "store_path": "/nix/store/slnsi0rndpqwwjnrci5scag53b7wymf6-terser-5.31.3"
        }
      }
    },
    "zopfli@latest": {
      "last_modified": "2024-07-13T21:28:58Z",
      "resolved": "github:NixOS/nixpkgs/d55afb5fc2e24e0852c9da179fbe2a74a2687697#zopfli",
      "source": "devbox-search",
      "version": "1.0.3",
      "systems": {
        "aarch64-darwin": {
          "store_path": "/nix/store/l1dvjlklmdv5g1nrkima3bd99b26kdpb-zopfli-1.0.3"
        },
        "aarch64-linux": {
          "store_path": "/nix/store/gn7i8ixi6pc79nh5anbvbdwl5vqxvwnl-zopfli-1.0.3"
        },
        "x86_64-darwin": {
          "store_path": "/nix/store/sczgf9xsn9ig10mqk2w4fi3wxz5sg2zl-zopfli-1.0.3"
        },
        "x86_64-linux": {
          "store_path": "/nix/store/wcvxsszwxiscczwl1xkamjqc4qmw2fdf-zopfli-1.0.3"
        }
      }
    }
  }
}
